
Microsoft Visual Studio Solution File, Format Version 12.00
# Visual Studio Version 16
VisualStudioVersion = 16.0.29509.3
MinimumVisualStudioVersion = 10.0.40219.1
Project("{9A19103F-16F7-4668-BE54-9A1E7A4F7556}") = "CoreGridFSP", "CoreGridFSP\CoreGridFSP.csproj", "{4E8DEE39-7998-457E-BFB1-ED8B74E67BD8}"
EndProject
Project("{FAE04EC0-301F-11D3-BF4B-00C04F79EFBC}") = "CoreGridFSPTests", "CoreGridFSPTests\CoreGridFSPTests.csproj", "{746AE3BA-A136-4E25-A23D-043BA55616EE}"
EndProject
Global
	GlobalSection(SolutionConfigurationPlatforms) = preSolution
		Debug|Any CPU = Debug|Any CPU
		Release|Any CPU = Release|Any CPU
	EndGlobalSection
	GlobalSection(ProjectConfigurationPlatforms) = postSolution
		{4E8DEE39-7998-457E-BFB1-ED8B74E67BD8}.Debug|Any CPU.ActiveCfg = Debug|Any CPU
		{4E8DEE39-7998-457E-BFB1-ED8B74E67BD8}.Debug|Any CPU.Build.0 = Debug|Any CPU
		{4E8DEE39-7998-457E-BFB1-ED8B74E67BD8}.Release|Any CPU.ActiveCfg = Release|Any CPU
		{4E8DEE39-7998-457E-BFB1-ED8B74E67BD8}.Release|Any CPU.Build.0 = Release|Any CPU
		{746AE3BA-A136-4E25-A23D-043BA55616EE}.Debug|Any CPU.ActiveCfg = Debug|Any CPU
		{746AE3BA-A136-4E25-A23D-043BA55616EE}.Debug|Any CPU.Build.0 = Debug|Any CPU
		{746AE3BA-A136-4E25-A23D-043BA55616EE}.Release|Any CPU.ActiveCfg = Release|Any CPU
		{746AE3BA-A136-4E25-A23D-043BA55616EE}.Release|Any CPU.Build.0 = Release|Any CPU
	EndGlobalSection
	GlobalSection(SolutionProperties) = preSolution
		HideSolutionNode = FALSE
	EndGlobalSection
	GlobalSection(ExtensibilityGlobals) = postSolution
		SolutionGuid = {67191BE3-A7A1-442E-93AD-408DDF5B8106}
	EndGlobalSection
EndGlobal
